
Microsoft Visual Studio Solution File, Format Version 12.00
# Visual Studio Version 17
VisualStudioVersion = 17.0.31903.59
MinimumVisualStudioVersion = 10.0.40219.1
Project("{2150E333-8FDC-42A3-9474-1A3956D46DE8}") = "src", "src", "{827E0CD3-B72D-47B6-A68D-7590B98EB39B}"
EndProject
Project("{FAE04EC0-301F-11D3-BF4B-00C04F79EFBC}") = "McpTrackTokens.Domain", "src\McpTrackTokens.Domain\McpTrackTokens.Domain.csproj", "{D532B2C0-0552-42B4-AE30-76856F96E286}"
EndProject
Project("{FAE04EC0-301F-11D3-BF4B-00C04F79EFBC}") = "McpTrackTokens.Application", "src\McpTrackTokens.Application\McpTrackTokens.Application.csproj", "{355A7F93-D1B6-4825-8207-B93D26C4909A}"
EndProject
Project("{FAE04EC0-301F-11D3-BF4B-00C04F79EFBC}") = "McpTrackTokens.Infrastructure", "src\McpTrackTokens.Infrastructure\McpTrackTokens.Infrastructure.csproj", "{34D1B11E-50DC-4A3F-9484-20742454901B}"
EndProject
Project("{FAE04EC0-301F-11D3-BF4B-00C04F79EFBC}") = "McpTrackTokens.Server", "src\McpTrackTokens.Server\McpTrackTokens.Server.csproj", "{74731781-1792-4A39-8BA6-22B96647C4EB}"
EndProject
Project("{FAE04EC0-301F-11D3-BF4B-00C04F79EFBC}") = "McpTrackTokens.Cli", "src\McpTrackTokens.Cli\McpTrackTokens.Cli.csproj", "{0A2183CF-0364-4096-A996-FE98D0745EA8}"
EndProject
Project("{2150E333-8FDC-42A3-9474-1A3956D46DE8}") = "tests", "tests", "{0AB3BF05-4346-4AA6-1389-037BE0695223}"
EndProject
Project("{FAE04EC0-301F-11D3-BF4B-00C04F79EFBC}") = "McpTrackTokens.Domain.Tests", "tests\McpTrackTokens.Domain.Tests\McpTrackTokens.Domain.Tests.csproj", "{B4500744-6259-46D1-8566-14E5F9F39350}"
EndProject
Project("{FAE04EC0-301F-11D3-BF4B-00C04F79EFBC}") = "McpTrackTokens.Application.Tests", "tests\McpTrackTokens.Application.Tests\McpTrackTokens.Application.Tests.csproj", "{E36E2B56-3DBB-43E4-8180-8076DE27216B}"
EndProject
Project("{FAE04EC0-301F-11D3-BF4B-00C04F79EFBC}") = "McpTrackTokens.Infrastructure.Tests", "tests\McpTrackTokens.Infrastructure.Tests\McpTrackTokens.Infrastructure.Tests.csproj", "{3EFAC2DC-6C40-4AAF-9748-4EFBAA7A57A3}"
EndProject
Project("{FAE04EC0-301F-11D3-BF4B-00C04F79EFBC}") = "McpTrackTokens.Server.IntegrationTests", "tests\McpTrackTokens.Server.IntegrationTests\McpTrackTokens.Server.IntegrationTests.csproj", "{E9CB2D20-B238-44CD-B172-74012B4C977E}"
EndProject
Project("{FAE04EC0-301F-11D3-BF4B-00C04F79EFBC}") = "McpTrackTokens.Tray", "src\McpTrackTokens.Tray\McpTrackTokens.Tray.csproj", "{6254D4D4-B2B8-473B-B9C4-4035087660FC}"
EndProject
Project("{2150E333-8FDC-42A3-9474-1A3956D46DE8}") = "setup", "setup", "{4AABCF1F-441E-4719-BFF1-CA05331553AD}"
EndProject
Project("{B7DD6F7E-DEF8-4E67-B5B7-07EF123DB6F0}") = "McpTrackTokens.Tray.Setup", "setup\McpTrackTokens.Tray.Setup\McpTrackTokens.Tray.Setup.wixproj", "{5EB831CA-0C9D-4156-82C6-DE3A78EB6FBF}"
EndProject
Project("{FAE04EC0-301F-11D3-BF4B-00C04F79EFBC}") = "McpTrackTokens.Desktop", "src\McpTrackTokens.Desktop\McpTrackTokens.Desktop.csproj", "{543A0D6B-C19C-45C3-BD55-2FC6445D2B68}"
EndProject
Project("{FAE04EC0-301F-11D3-BF4B-00C04F79EFBC}") = "McpTrackTokens.Setup.Integrations", "setup\McpTrackTokens.Setup.Integrations\McpTrackTokens.Setup.Integrations.csproj", "{0DD3C0CC-7778-49DF-9FB0-E98243A4355E}"
EndProject
Global
	GlobalSection(SolutionConfigurationPlatforms) = preSolution
		Debug|Any CPU = Debug|Any CPU
		Debug|x64 = Debug|x64
		Debug|x86 = Debug|x86
		Release|Any CPU = Release|Any CPU
		Release|x64 = Release|x64
		Release|x86 = Release|x86
	EndGlobalSection
	GlobalSection(ProjectConfigurationPlatforms) = postSolution
		{D532B2C0-0552-42B4-AE30-76856F96E286}.Debug|Any CPU.ActiveCfg = Debug|Any CPU
		{D532B2C0-0552-42B4-AE30-76856F96E286}.Debug|Any CPU.Build.0 = Debug|Any CPU
		{D532B2C0-0552-42B4-AE30-76856F96E286}.Debug|x64.ActiveCfg = Debug|Any CPU
		{D532B2C0-0552-42B4-AE30-76856F96E286}.Debug|x64.Build.0 = Debug|Any CPU
		{D532B2C0-0552-42B4-AE30-76856F96E286}.Debug|x86.ActiveCfg = Debug|Any CPU
		{D532B2C0-0552-42B4-AE30-76856F96E286}.Debug|x86.Build.0 = Debug|Any CPU
		{D532B2C0-0552-42B4-AE30-76856F96E286}.Release|Any CPU.ActiveCfg = Release|Any CPU
		{D532B2C0-0552-42B4-AE30-76856F96E286}.Release|Any CPU.Build.0 = Release|Any CPU
		{D532B2C0-0552-42B4-AE30-76856F96E286}.Release|x64.ActiveCfg = Release|Any CPU
		{D532B2C0-0552-42B4-AE30-76856F96E286}.Release|x64.Build.0 = Release|Any CPU
		{D532B2C0-0552-42B4-AE30-76856F96E286}.Release|x86.ActiveCfg = Release|Any CPU
		{D532B2C0-0552-42B4-AE30-76856F96E286}.Release|x86.Build.0 = Release|Any CPU
		{355A7F93-D1B6-4825-8207-B93D26C4909A}.Debug|Any CPU.ActiveCfg = Debug|Any CPU
		{355A7F93-D1B6-4825-8207-B93D26C4909A}.Debug|Any CPU.Build.0 = Debug|Any CPU
		{355A7F93-D1B6-4825-8207-B93D26C4909A}.Debug|x64.ActiveCfg = Debug|Any CPU
		{355A7F93-D1B6-4825-8207-B93D26C4909A}.Debug|x64.Build.0 = Debug|Any CPU
		{355A7F93-D1B6-4825-8207-B93D26C4909A}.Debug|x86.ActiveCfg = Debug|Any CPU
		{355A7F93-D1B6-4825-8207-B93D26C4909A}.Debug|x86.Build.0 = Debug|Any CPU
		{355A7F93-D1B6-4825-8207-B93D26C4909A}.Release|Any CPU.ActiveCfg = Release|Any CPU
		{355A7F93-D1B6-4825-8207-B93D26C4909A}.Release|Any CPU.Build.0 = Release|Any CPU
		{355A7F93-D1B6-4825-8207-B93D26C4909A}.Release|x64.ActiveCfg = Release|Any CPU
		{355A7F93-D1B6-4825-8207-B93D26C4909A}.Release|x64.Build.0 = Release|Any CPU
		{355A7F93-D1B6-4825-8207-B93D26C4909A}.Release|x86.ActiveCfg = Release|Any CPU
		{355A7F93-D1B6-4825-8207-B93D26C4909A}.Release|x86.Build.0 = Release|Any CPU
		{34D1B11E-50DC-4A3F-9484-20742454901B}.Debug|Any CPU.ActiveCfg = Debug|Any CPU
		{34D1B11E-50DC-4A3F-9484-20742454901B}.Debug|Any CPU.Build.0 = Debug|Any CPU
		{34D1B11E-50DC-4A3F-9484-20742454901B}.Debug|x64.ActiveCfg = Debug|Any CPU
		{34D1B11E-50DC-4A3F-9484-20742454901B}.Debug|x64.Build.0 = Debug|Any CPU
		{34D1B11E-50DC-4A3F-9484-20742454901B}.Debug|x86.ActiveCfg = Debug|Any CPU
		{34D1B11E-50DC-4A3F-9484-20742454901B}.Debug|x86.Build.0 = Debug|Any CPU
		{34D1B11E-50DC-4A3F-9484-20742454901B}.Release|Any CPU.ActiveCfg = Release|Any CPU
		{34D1B11E-50DC-4A3F-9484-20742454901B}.Release|Any CPU.Build.0 = Release|Any CPU
		{34D1B11E-50DC-4A3F-9484-20742454901B}.Release|x64.ActiveCfg = Release|Any CPU
		{34D1B11E-50DC-4A3F-9484-20742454901B}.Release|x64.Build.0 = Release|Any CPU
		{34D1B11E-50DC-4A3F-9484-20742454901B}.Release|x86.ActiveCfg = Release|Any CPU
		{34D1B11E-50DC-4A3F-9484-20742454901B}.Release|x86.Build.0 = Release|Any CPU
		{74731781-1792-4A39-8BA6-22B96647C4EB}.Debug|Any CPU.ActiveCfg = Debug|Any CPU
		{74731781-1792-4A39-8BA6-22B96647C4EB}.Debug|Any CPU.Build.0 = Debug|Any CPU
		{74731781-1792-4A39-8BA6-22B96647C4EB}.Debug|x64.ActiveCfg = Debug|Any CPU
		{74731781-1792-4A39-8BA6-22B96647C4EB}.Debug|x64.Build.0 = Debug|Any CPU
		{74731781-1792-4A39-8BA6-22B96647C4EB}.Debug|x86.ActiveCfg = Debug|Any CPU
		{74731781-1792-4A39-8BA6-22B96647C4EB}.Debug|x86.Build.0 = Debug|Any CPU
		{74731781-1792-4A39-8BA6-22B96647C4EB}.Release|Any CPU.ActiveCfg = Release|Any CPU
		{74731781-1792-4A39-8BA6-22B96647C4EB}.Release|Any CPU.Build.0 = Release|Any CPU
		{74731781-1792-4A39-8BA6-22B96647C4EB}.Release|x64.ActiveCfg = Release|Any CPU
		{74731781-1792-4A39-8BA6-22B96647C4EB}.Release|x64.Build.0 = Release|Any CPU
		{74731781-1792-4A39-8BA6-22B96647C4EB}.Release|x86.ActiveCfg = Release|Any CPU
		{74731781-1792-4A39-8BA6-22B96647C4EB}.Release|x86.Build.0 = Release|Any CPU
		{0A2183CF-0364-4096-A996-FE98D0745EA8}.Debug|Any CPU.ActiveCfg = Debug|Any CPU
		{0A2183CF-0364-4096-A996-FE98D0745EA8}.Debug|Any CPU.Build.0 = Debug|Any CPU
		{0A2183CF-0364-4096-A996-FE98D0745EA8}.Debug|x64.ActiveCfg = Debug|Any CPU
		{0A2183CF-0364-4096-A996-FE98D0745EA8}.Debug|x64.Build.0 = Debug|Any CPU
		{0A2183CF-0364-4096-A996-FE98D0745EA8}.Debug|x86.ActiveCfg = Debug|Any CPU
		{0A2183CF-0364-4096-A996-FE98D0745EA8}.Debug|x86.Build.0 = Debug|Any CPU
		{0A2183CF-0364-4096-A996-FE98D0745EA8}.Release|Any CPU.ActiveCfg = Release|Any CPU
		{0A2183CF-0364-4096-A996-FE98D0745EA8}.Release|Any CPU.Build.0 = Release|Any CPU
		{0A2183CF-0364-4096-A996-FE98D0745EA8}.Release|x64.ActiveCfg = Release|Any CPU
		{0A2183CF-0364-4096-A996-FE98D0745EA8}.Release|x64.Build.0 = Release|Any CPU
		{0A2183CF-0364-4096-A996-FE98D0745EA8}.Release|x86.ActiveCfg = Release|Any CPU
		{0A2183CF-0364-4096-A996-FE98D0745EA8}.Release|x86.Build.0 = Release|Any CPU
		{B4500744-6259-46D1-8566-14E5F9F39350}.Debug|Any CPU.ActiveCfg = Debug|Any CPU
		{B4500744-6259-46D1-8566-14E5F9F39350}.Debug|Any CPU.Build.0 = Debug|Any CPU
		{B4500744-6259-46D1-8566-14E5F9F39350}.Debug|x64.ActiveCfg = Debug|Any CPU
		{B4500744-6259-46D1-8566-14E5F9F39350}.Debug|x64.Build.0 = Debug|Any CPU
		{B4500744-6259-46D1-8566-14E5F9F39350}.Debug|x86.ActiveCfg = Debug|Any CPU
		{B4500744-6259-46D1-8566-14E5F9F39350}.Debug|x86.Build.0 = Debug|Any CPU
		{B4500744-6259-46D1-8566-14E5F9F39350}.Release|Any CPU.ActiveCfg = Release|Any CPU
		{B4500744-6259-46D1-8566-14E5F9F39350}.Release|Any CPU.Build.0 = Release|Any CPU
		{B4500744-6259-46D1-8566-14E5F9F39350}.Release|x64.ActiveCfg = Release|Any CPU
		{B4500744-6259-46D1-8566-14E5F9F39350}.Release|x64.Build.0 = Release|Any CPU
		{B4500744-6259-46D1-8566-14E5F9F39350}.Release|x86.ActiveCfg = Release|Any CPU
		{B4500744-6259-46D1-8566-14E5F9F39350}.Release|x86.Build.0 = Release|Any CPU
		{E36E2B56-3DBB-43E4-8180-8076DE27216B}.Debug|Any CPU.ActiveCfg = Debug|Any CPU
		{E36E2B56-3DBB-43E4-8180-8076DE27216B}.Debug|Any CPU.Build.0 = Debug|Any CPU
		{E36E2B56-3DBB-43E4-8180-8076DE27216B}.Debug|x64.ActiveCfg = Debug|Any CPU
		{E36E2B56-3DBB-43E4-8180-8076DE27216B}.Debug|x64.Build.0 = Debug|Any CPU
		{E36E2B56-3DBB-43E4-8180-8076DE27216B}.Debug|x86.ActiveCfg = Debug|Any CPU
		{E36E2B56-3DBB-43E4-8180-8076DE27216B}.Debug|x86.Build.0 = Debug|Any CPU
		{E36E2B56-3DBB-43E4-8180-8076DE27216B}.Release|Any CPU.ActiveCfg = Release|Any CPU
		{E36E2B56-3DBB-43E4-8180-8076DE27216B}.Release|Any CPU.Build.0 = Release|Any CPU
		{E36E2B56-3DBB-43E4-8180-8076DE27216B}.Release|x64.ActiveCfg = Release|Any CPU
		{E36E2B56-3DBB-43E4-8180-8076DE27216B}.Release|x64.Build.0 = Release|Any CPU
		{E36E2B56-3DBB-43E4-8180-8076DE27216B}.Release|x86.ActiveCfg = Release|Any CPU
		{E36E2B56-3DBB-43E4-8180-8076DE27216B}.Release|x86.Build.0 = Release|Any CPU
		{3EFAC2DC-6C40-4AAF-9748-4EFBAA7A57A3}.Debug|Any CPU.ActiveCfg = Debug|Any CPU
		{3EFAC2DC-6C40-4AAF-9748-4EFBAA7A57A3}.Debug|Any CPU.Build.0 = Debug|Any CPU
		{3EFAC2DC-6C40-4AAF-9748-4EFBAA7A57A3}.Debug|x64.ActiveCfg = Debug|Any CPU
		{3EFAC2DC-6C40-4AAF-9748-4EFBAA7A57A3}.Debug|x64.Build.0 = Debug|Any CPU
		{3EFAC2DC-6C40-4AAF-9748-4EFBAA7A57A3}.Debug|x86.ActiveCfg = Debug|Any CPU
		{3EFAC2DC-6C40-4AAF-9748-4EFBAA7A57A3}.Debug|x86.Build.0 = Debug|Any CPU
		{3EFAC2DC-6C40-4AAF-9748-4EFBAA7A57A3}.Release|Any CPU.ActiveCfg = Release|Any CPU
		{3EFAC2DC-6C40-4AAF-9748-4EFBAA7A57A3}.Release|Any CPU.Build.0 = Release|Any CPU
		{3EFAC2DC-6C40-4AAF-9748-4EFBAA7A57A3}.Release|x64.ActiveCfg = Release|Any CPU
		{3EFAC2DC-6C40-4AAF-9748-4EFBAA7A57A3}.Release|x64.Build.0 = Release|Any CPU
		{3EFAC2DC-6C40-4AAF-9748-4EFBAA7A57A3}.Release|x86.ActiveCfg = Release|Any CPU
		{3EFAC2DC-6C40-4AAF-9748-4EFBAA7A57A3}.Release|x86.Build.0 = Release|Any CPU
		{E9CB2D20-B238-44CD-B172-74012B4C977E}.Debug|Any CPU.ActiveCfg = Debug|Any CPU
		{E9CB2D20-B238-44CD-B172-74012B4C977E}.Debug|Any CPU.Build.0 = Debug|Any CPU
		{E9CB2D20-B238-44CD-B172-74012B4C977E}.Debug|x64.ActiveCfg = Debug|Any CPU
		{E9CB2D20-B238-44CD-B172-74012B4C977E}.Debug|x64.Build.0 = Debug|Any CPU
		{E9CB2D20-B238-44CD-B172-74012B4C977E}.Debug|x86.ActiveCfg = Debug|Any CPU
		{E9CB2D20-B238-44CD-B172-74012B4C977E}.Debug|x86.Build.0 = Debug|Any CPU
		{E9CB2D20-B238-44CD-B172-74012B4C977E}.Release|Any CPU.ActiveCfg = Release|Any CPU
		{E9CB2D20-B238-44CD-B172-74012B4C977E}.Release|Any CPU.Build.0 = Release|Any CPU
		{E9CB2D20-B238-44CD-B172-74012B4C977E}.Release|x64.ActiveCfg = Release|Any CPU
		{E9CB2D20-B238-44CD-B172-74012B4C977E}.Release|x64.Build.0 = Release|Any CPU
		{E9CB2D20-B238-44CD-B172-74012B4C977E}.Release|x86.ActiveCfg = Release|Any CPU
		{E9CB2D20-B238-44CD-B172-74012B4C977E}.Release|x86.Build.0 = Release|Any CPU
		{6254D4D4-B2B8-473B-B9C4-4035087660FC}.Debug|Any CPU.ActiveCfg = Debug|Any CPU
		{6254D4D4-B2B8-473B-B9C4-4035087660FC}.Debug|Any CPU.Build.0 = Debug|Any CPU
		{6254D4D4-B2B8-473B-B9C4-4035087660FC}.Debug|x64.ActiveCfg = Debug|Any CPU
		{6254D4D4-B2B8-473B-B9C4-4035087660FC}.Debug|x64.Build.0 = Debug|Any CPU
		{6254D4D4-B2B8-473B-B9C4-4035087660FC}.Debug|x86.ActiveCfg = Debug|Any CPU
		{6254D4D4-B2B8-473B-B9C4-4035087660FC}.Debug|x86.Build.0 = Debug|Any CPU
		{6254D4D4-B2B8-473B-B9C4-4035087660FC}.Release|Any CPU.ActiveCfg = Release|Any CPU
		{6254D4D4-B2B8-473B-B9C4-4035087660FC}.Release|Any CPU.Build.0 = Release|Any CPU
		{6254D4D4-B2B8-473B-B9C4-4035087660FC}.Release|x64.ActiveCfg = Release|Any CPU
		{6254D4D4-B2B8-473B-B9C4-4035087660FC}.Release|x64.Build.0 = Release|Any CPU
		{6254D4D4-B2B8-473B-B9C4-4035087660FC}.Release|x86.ActiveCfg = Release|Any CPU
		{6254D4D4-B2B8-473B-B9C4-4035087660FC}.Release|x86.Build.0 = Release|Any CPU
		{5EB831CA-0C9D-4156-82C6-DE3A78EB6FBF}.Debug|Any CPU.ActiveCfg = Debug|Any CPU
		{5EB831CA-0C9D-4156-82C6-DE3A78EB6FBF}.Debug|Any CPU.Build.0 = Debug|Any CPU
		{5EB831CA-0C9D-4156-82C6-DE3A78EB6FBF}.Debug|x64.ActiveCfg = Debug|Any CPU
		{5EB831CA-0C9D-4156-82C6-DE3A78EB6FBF}.Debug|x64.Build.0 = Debug|Any CPU
		{5EB831CA-0C9D-4156-82C6-DE3A78EB6FBF}.Debug|x86.ActiveCfg = Debug|Any CPU
		{5EB831CA-0C9D-4156-82C6-DE3A78EB6FBF}.Debug|x86.Build.0 = Debug|Any CPU
		{5EB831CA-0C9D-4156-82C6-DE3A78EB6FBF}.Release|Any CPU.ActiveCfg = Release|Any CPU
		{5EB831CA-0C9D-4156-82C6-DE3A78EB6FBF}.Release|Any CPU.Build.0 = Release|Any CPU
		{5EB831CA-0C9D-4156-82C6-DE3A78EB6FBF}.Release|x64.ActiveCfg = Release|Any CPU
		{5EB831CA-0C9D-4156-82C6-DE3A78EB6FBF}.Release|x64.Build.0 = Release|Any CPU
		{5EB831CA-0C9D-4156-82C6-DE3A78EB6FBF}.Release|x86.ActiveCfg = Release|Any CPU
		{5EB831CA-0C9D-4156-82C6-DE3A78EB6FBF}.Release|x86.Build.0 = Release|Any CPU
		{543A0D6B-C19C-45C3-BD55-2FC6445D2B68}.Debug|Any CPU.ActiveCfg = Debug|Any CPU
		{543A0D6B-C19C-45C3-BD55-2FC6445D2B68}.Debug|Any CPU.Build.0 = Debug|Any CPU
		{543A0D6B-C19C-45C3-BD55-2FC6445D2B68}.Debug|x64.ActiveCfg = Debug|Any CPU
		{543A0D6B-C19C-45C3-BD55-2FC6445D2B68}.Debug|x64.Build.0 = Debug|Any CPU
		{543A0D6B-C19C-45C3-BD55-2FC6445D2B68}.Debug|x86.ActiveCfg = Debug|Any CPU
		{543A0D6B-C19C-45C3-BD55-2FC6445D2B68}.Debug|x86.Build.0 = Debug|Any CPU
		{543A0D6B-C19C-45C3-BD55-2FC6445D2B68}.Release|Any CPU.ActiveCfg = Release|Any CPU
		{543A0D6B-C19C-45C3-BD55-2FC6445D2B68}.Release|Any CPU.Build.0 = Release|Any CPU
		{543A0D6B-C19C-45C3-BD55-2FC6445D2B68}.Release|x64.ActiveCfg = Release|Any CPU
		{543A0D6B-C19C-45C3-BD55-2FC6445D2B68}.Release|x64.Build.0 = Release|Any CPU
		{543A0D6B-C19C-45C3-BD55-2FC6445D2B68}.Release|x86.ActiveCfg = Release|Any CPU
		{543A0D6B-C19C-45C3-BD55-2FC6445D2B68}.Release|x86.Build.0 = Release|Any CPU
		{0DD3C0CC-7778-49DF-9FB0-E98243A4355E}.Debug|Any CPU.ActiveCfg = Debug|Any CPU
		{0DD3C0CC-7778-49DF-9FB0-E98243A4355E}.Debug|Any CPU.Build.0 = Debug|Any CPU
		{0DD3C0CC-7778-49DF-9FB0-E98243A4355E}.Debug|x64.ActiveCfg = Debug|Any CPU
		{0DD3C0CC-7778-49DF-9FB0-E98243A4355E}.Debug|x64.Build.0 = Debug|Any CPU
		{0DD3C0CC-7778-49DF-9FB0-E98243A4355E}.Debug|x86.ActiveCfg = Debug|Any CPU
		{0DD3C0CC-7778-49DF-9FB0-E98243A4355E}.Debug|x86.Build.0 = Debug|Any CPU
		{0DD3C0CC-7778-49DF-9FB0-E98243A4355E}.Release|Any CPU.ActiveCfg = Release|Any CPU
		{0DD3C0CC-7778-49DF-9FB0-E98243A4355E}.Release|Any CPU.Build.0 = Release|Any CPU
		{0DD3C0CC-7778-49DF-9FB0-E98243A4355E}.Release|x64.ActiveCfg = Release|Any CPU
		{0DD3C0CC-7778-49DF-9FB0-E98243A4355E}.Release|x64.Build.0 = Release|Any CPU
		{0DD3C0CC-7778-49DF-9FB0-E98243A4355E}.Release|x86.ActiveCfg = Release|Any CPU
		{0DD3C0CC-7778-49DF-9FB0-E98243A4355E}.Release|x86.Build.0 = Release|Any CPU
	EndGlobalSection
	GlobalSection(SolutionProperties) = preSolution
		HideSolutionNode = FALSE
	EndGlobalSection
	GlobalSection(NestedProjects) = preSolution
		{D532B2C0-0552-42B4-AE30-76856F96E286} = {827E0CD3-B72D-47B6-A68D-7590B98EB39B}
		{355A7F93-D1B6-4825-8207-B93D26C4909A} = {827E0CD3-B72D-47B6-A68D-7590B98EB39B}
		{34D1B11E-50DC-4A3F-9484-20742454901B} = {827E0CD3-B72D-47B6-A68D-7590B98EB39B}
		{74731781-1792-4A39-8BA6-22B96647C4EB} = {827E0CD3-B72D-47B6-A68D-7590B98EB39B}
		{0A2183CF-0364-4096-A996-FE98D0745EA8} = {827E0CD3-B72D-47B6-A68D-7590B98EB39B}
		{B4500744-6259-46D1-8566-14E5F9F39350} = {0AB3BF05-4346-4AA6-1389-037BE0695223}
		{E36E2B56-3DBB-43E4-8180-8076DE27216B} = {0AB3BF05-4346-4AA6-1389-037BE0695223}
		{3EFAC2DC-6C40-4AAF-9748-4EFBAA7A57A3} = {0AB3BF05-4346-4AA6-1389-037BE0695223}
		{E9CB2D20-B238-44CD-B172-74012B4C977E} = {0AB3BF05-4346-4AA6-1389-037BE0695223}
		{6254D4D4-B2B8-473B-B9C4-4035087660FC} = {827E0CD3-B72D-47B6-A68D-7590B98EB39B}
		{5EB831CA-0C9D-4156-82C6-DE3A78EB6FBF} = {4AABCF1F-441E-4719-BFF1-CA05331553AD}
		{543A0D6B-C19C-45C3-BD55-2FC6445D2B68} = {827E0CD3-B72D-47B6-A68D-7590B98EB39B}
		{0DD3C0CC-7778-49DF-9FB0-E98243A4355E} = {4AABCF1F-441E-4719-BFF1-CA05331553AD}
	EndGlobalSection
EndGlobal
